// !$*UTF8*$!
{
	archiveVersion = 1;
	classes = {
	};
	objectVersion = 50;
	objects = {

/* Begin PBXBuildFile section */
		15ECD1E321F67167005A111F /* AppDelegate.m in Sources */ = {isa = PBXBuildFile; fileRef = 15ECD1E221F67167005A111F /* AppDelegate.m */; };
		15ECD1E621F67167005A111F /* ViewController.m in Sources */ = {isa = PBXBuildFile; fileRef = 15ECD1E521F67167005A111F /* ViewController.m */; };
		15ECD1E921F67167005A111F /* Main.storyboard in Resources */ = {isa = PBXBuildFile; fileRef = 15ECD1E721F67167005A111F /* Main.storyboard */; };
		15ECD1EB21F67169005A111F /* Assets.xcassets in Resources */ = {isa = PBXBuildFile; fileRef = 15ECD1EA21F67169005A111F /* Assets.xcassets */; };
		15ECD1EE21F67169005A111F /* LaunchScreen.storyboard in Resources */ = {isa = PBXBuildFile; fileRef = 15ECD1EC21F67169005A111F /* LaunchScreen.storyboard */; };
		15ECD1F121F67169005A111F /* main.m in Sources */ = {isa = PBXBuildFile; fileRef = 15ECD1F021F67169005A111F /* main.m */; };
/* End PBXBuildFile section */

/* Begin PBXFileReference section */
		15ECD1DE21F67167005A111F /* ScrollView Image Gallery.app */ = {isa = PBXFileReference; explicitFileType = wrapper.application; includeInIndex = 0; path = "ScrollView Image Gallery.app"; sourceTree = BUILT_PRODUCTS_DIR; };
		15ECD1E121F67167005A111F /* AppDelegate.h */ = {isa = PBXFileReference; lastKnownFileType = sourcecode.c.h; path = AppDelegate.h; sourceTree = "<group>"; };
		15ECD1E221F67167005A111F /* AppDelegate.m */ = {isa = PBXFileReference; lastKnownFileType = sourcecode.c.objc; path = AppDelegate.m; sourceTree = "<group>"; };
		15ECD1E421F67167005A111F /* ViewController.h */ = {isa = PBXFileReference; lastKnownFileType = sourcecode.c.h; path = ViewController.h; sourceTree = "<group>"; };
		15ECD1E521F67167005A111F /* ViewController.m */ = {isa = PBXFileReference; lastKnownFileType = sourcecode.c.objc; path = ViewController.m; sourceTree = "<group>"; };
		15ECD1E821F67167005A111F /* Base */ = {isa = PBXFileReference; lastKnownFileType = file.storyboard; name = Base; path = Base.lproj/Main.storyboard; sourceTree = "<group>"; };
		15ECD1EA21F67169005A111F /* Assets.xcassets */ = {isa = PBXFileReference; lastKnownFileType = folder.assetcatalog; path = Assets.xcassets; sourceTree = "<group>"; };
		15ECD1ED21F67169005A111F /* Base */ = {isa = PBXFileReference; lastKnownFileType = file.storyboard; name = Base; path = Base.lproj/LaunchScreen.storyboard; sourceTree = "<group>"; };
		15ECD1EF21F67169005A111F /* Info.plist */ = {isa = PBXFileReference; lastKnownFileType = text.plist.xml; path = Info.plist; sourceTree = "<group>"; };
		15ECD1F021F67169005A111F /* main.m */ = {isa = PBXFileReference; lastKnownFileType = sourcecode.c.objc; path = main.m; sourceTree = "<group>"; };
/* End PBXFileReference section */

/* Begin PBXFrameworksBuildPhase section */
		15ECD1DB21F67167005A111F /* Frameworks */ = {
			isa = PBXFrameworksBuildPhase;
			buildActionMask = 2147483647;
			files = (
			);
			runOnlyForDeploymentPostprocessing = 0;
		};
/* End PBXFrameworksBuildPhase section */

/* Begin PBXGroup section */
		15ECD1D521F67167005A111F = {
			isa = PBXGroup;
			children = (
				15ECD1E021F67167005A111F /* ScrollView Image Gallery */,
				15ECD1DF21F67167005A111F /* Products */,
			);
			sourceTree = "<group>";
		};
		15ECD1DF21F67167005A111F /* Products */ = {
			isa = PBXGroup;
			children = (
				15ECD1DE21F67167005A111F /* ScrollView Image Gallery.app */,
			);
			name = Products;
			sourceTree = "<group>";
		};
		15ECD1E021F67167005A111F /* ScrollView Image Gallery */ = {
			isa = PBXGroup;
			children = (
				15ECD1E121F67167005A111F /* AppDelegate.h */,
				15ECD1E221F67167005A111F /* AppDelegate.m */,
				15ECD1E421F67167005A111F /* ViewController.h */,
				15ECD1E521F67167005A111F /* ViewController.m */,
				15ECD1E721F67167005A111F /* Main.storyboard */,
				15ECD1EA21F67169005A111F /* Assets.xcassets */,
				15ECD1EC21F67169005A111F /* LaunchScreen.storyboard */,
				15ECD1EF21F67169005A111F /* Info.plist */,
				15ECD1F021F67169005A111F /* main.m */,
			);
			path = "ScrollView Image Gallery";
			sourceTree = "<group>";
		};
/* End PBXGroup section */

/* Begin PBXNativeTarget section */
		15ECD1DD21F67167005A111F /* ScrollView Image Gallery */ = {
			isa = PBXNativeTarget;
			buildConfigurationList = 15ECD1F421F67169005A111F /* Build configuration list for PBXNativeTarget "ScrollView Image Gallery" */;
			buildPhases = (
				15ECD1DA21F67167005A111F /* Sources */,
				15ECD1DB21F67167005A111F /* Frameworks */,
				15ECD1DC21F67167005A111F /* Resources */,
			);
			buildRules = (
			);
			dependencies = (
			);
			name = "ScrollView Image Gallery";
			productName = "ScrollView Image Gallery";
			productReference = 15ECD1DE21F67167005A111F /* ScrollView Image Gallery.app */;
			productType = "com.apple.product-type.application";
		};
/* End PBXNativeTarget section */

/* Begin PBXProject section */
		15ECD1D621F67167005A111F /* Project object */ = {
			isa = PBXProject;
			attributes = {
				LastUpgradeCheck = 1000;
				ORGANIZATIONNAME = "Kamal Maged";
				TargetAttributes = {
					15ECD1DD21F67167005A111F = {
						CreatedOnToolsVersion = 10.0;
					};
				};
			};
			buildConfigurationList = 15ECD1D921F67167005A111F /* Build configuration list for PBXProject "ScrollView Image Gallery" */;
			compatibilityVersion = "Xcode 9.3";
			developmentRegion = en;
			hasScannedForEncodings = 0;
			knownRegions = (
				en,
				Base,
			);
			mainGroup = 15ECD1D521F67167005A111F;
			productRefGroup = 15ECD1DF21F67167005A111F /* Products */;
			projectDirPath = "";
			projectRoot = "";
			targets = (
				15ECD1DD21F67167005A111F /* ScrollView Image Gallery */,
			);
		};
/* End PBXProject section */

/* Begin PBXResourcesBuildPhase section */
		15ECD1DC21F67167005A111F /* Resources */ = {
			isa = PBXResourcesBuildPhase;
			buildActionMask = 2147483647;
			files = (
				15ECD1EE21F67169005A111F /* LaunchScreen.storyboard in Resources */,
				15ECD1EB21F67169005A111F /* Assets.xcassets in Resources */,
				15ECD1E921F67167005A111F /* Main.storyboard in Resources */,
			);
			runOnlyForDeploymentPostprocessing = 0;
		};
/* End PBXResourcesBuildPhase section */

/* Begin PBXSourcesBuildPhase section */
		15ECD1DA21F67167005A111F /* Sources */ = {
			isa = PBXSourcesBuildPhase;
			buildActionMask = 2147483647;
			files = (
				15ECD1E621F67167005A111F /* ViewController.m in Sources */,
				15ECD1F121F67169005A111F /* main.m in Sources */,
				15ECD1E321F67167005A111F /* AppDelegate.m in Sources */,
			);
			runOnlyForDeploymentPostprocessing = 0;
		};
/* End PBXSourcesBuildPhase section */

/* Begin PBXVariantGroup section */
		15ECD1E721F67167005A111F /* Main.storyboard */ = {
			isa = PBXVariantGroup;
			children = (
				15ECD1E821F67167005A111F /* Base */,
			);
			name = Main.storyboard;
			sourceTree = "<group>";
		};
		15ECD1EC21F67169005A111F /* LaunchScreen.storyboard */ = {
			isa = PBXVariantGroup;
			children = (
				15ECD1ED21F67169005A111F /* Base */,
			);
			name = LaunchScreen.storyboard;
			sourceTree = "<group>";
		};
/* End PBXVariantGroup section */

/* Begin XCBuildConfiguration section */
		15ECD1F221F67169005A111F /* Debug */ = {
			isa = XCBuildConfiguration;
			buildSettings = {
				ALWAYS_SEARCH_USER_PATHS = NO;
				CLANG_ANALYZER_NONNULL = YES;
				CLANG_ANALYZER_NUMBER_OBJECT_CONVERSION = YES_AGGRESSIVE;
				CLANG_CXX_LANGUAGE_STANDARD = "gnu++14";
				CLANG_CXX_LIBRARY = "libc++";
				CLANG_ENABLE_MODULES = YES;
				CLANG_ENABLE_OBJC_ARC = YES;
				CLANG_ENABLE_OBJC_WEAK = YES;
				CLANG_WARN_BLOCK_CAPTURE_AUTORELEASING = YES;
				CLANG_WARN_BOOL_CONVERSION = YES;
				CLANG_WARN_COMMA = YES;
				CLANG_WARN_CONSTANT_CONVERSION = YES;
				CLANG_WARN_DEPRECATED_OBJC_IMPLEMENTATIONS = YES;
				CLANG_WARN_DIRECT_OBJC_ISA_USAGE = YES_ERROR;
				CLANG_WARN_DOCUMENTATION_COMMENTS = YES;
				CLANG_WARN_EMPTY_BODY = YES;
				CLANG_WARN_ENUM_CONVERSION = YES;
				CLANG_WARN_INFINITE_RECURSION = YES;
				CLANG_WARN_INT_CONVERSION = YES;
				CLANG_WARN_NON_LITERAL_NULL_CONVERSION = YES;
				CLANG_WARN_OBJC_IMPLICIT_RETAIN_SELF = YES;
				CLANG_WARN_OBJC_LITERAL_CONVERSION = YES;
				CLANG_WARN_OBJC_ROOT_CLASS = YES_ERROR;
				CLANG_WARN_RANGE_LOOP_ANALYSIS = YES;
				CLANG_WARN_STRICT_PROTOTYPES = YES;
				CLANG_WARN_SUSPICIOUS_MOVE = YES;
				CLANG_WARN_UNGUARDED_AVAILABILITY = YES_AGGRESSIVE;
				CLANG_WARN_UNREACHABLE_CODE = YES;
				CLANG_WARN__DUPLICATE_METHOD_MATCH = YES;
				CODE_SIGN_IDENTITY = "iPhone Developer";
				COPY_PHASE_STRIP = NO;
				DEBUG_INFORMATION_FORMAT = dwarf;
				ENABLE_STRICT_OBJC_MSGSEND = YES;
				ENABLE_TESTABILITY = YES;
				GCC_C_LANGUAGE_STANDARD = gnu11;
				GCC_DYNAMIC_NO_PIC = NO;
				GCC_NO_COMMON_BLOCKS = YES;
				GCC_OPTIMIZATION_LEVEL = 0;
				GCC_PREPROCESSOR_DEFINITIONS = (
					"DEBUG=1",
					"$(inherited)",
				);
				GCC_WARN_64_TO_32_BIT_CONVERSION = YES;
				GCC_WARN_ABOUT_RETURN_TYPE = YES_ERROR;
				GCC_WARN_UNDECLARED_SELECTOR = YES;
				GCC_WARN_UNINITIALIZED_AUTOS = YES_AGGRESSIVE;
				GCC_WARN_UNUSED_FUNCTION = YES;
				GCC_WARN_UNUSED_VARIABLE = YES;
				IPHONEOS_DEPLOYMENT_TARGET = 12.0;
				MTL_ENABLE_DEBUG_INFO = INCLUDE_SOURCE;
				MTL_FAST_MATH = YES;
				ONLY_ACTIVE_ARCH = YES;
				SDKROOT = iphoneos;
			};
			name = Debug;
		};
		15ECD1F321F67169005A111F /* Release */ = {
			isa = XCBuildConfiguration;
			buildSettings = {
				ALWAYS_SEARCH_USER_PATHS = NO;
				CLANG_ANALYZER_NONNULL = YES;
				CLANG_ANALYZER_NUMBER_OBJECT_CONVERSION = YES_AGGRESSIVE;
				CLANG_CXX_LANGUAGE_STANDARD = "gnu++14";
				CLANG_CXX_LIBRARY = "libc++";
				CLANG_ENABLE_MODULES = YES;
				CLANG_ENABLE_OBJC_ARC = YES;
				CLANG_ENABLE_OBJC_WEAK = YES;
				CLANG_WARN_BLOCK_CAPTURE_AUTORELEASING = YES;
				CLANG_WARN_BOOL_CONVERSION = YES;
				CLANG_WARN_COMMA = YES;
				CLANG_WARN_CONSTANT_CONVERSION = YES;
				CLANG_WARN_DEPRECATED_OBJC_IMPLEMENTATIONS = YES;
				CLANG_WARN_DIRECT_OBJC_ISA_USAGE = YES_ERROR;
				CLANG_WARN_DOCUMENTATION_COMMENTS = YES;
				CLANG_WARN_EMPTY_BODY = YES;
				CLANG_WARN_ENUM_CONVERSION = YES;
				CLANG_WARN_INFINITE_RECURSION = YES;
				CLANG_WARN_INT_CONVERSION = YES;
				CLANG_WARN_NON_LITERAL_NULL_CONVERSION = YES;
				CLANG_WARN_OBJC_IMPLICIT_RETAIN_SELF = YES;
				CLANG_WARN_OBJC_LITERAL_CONVERSION = YES;
				CLANG_WARN_OBJC_ROOT_CLASS = YES_ERROR;
				CLANG_WARN_RANGE_LOOP_ANALYSIS = YES;
				CLANG_WARN_STRICT_PROTOTYPES = YES;
				CLANG_WARN_SUSPICIOUS_MOVE = YES;
				CLANG_WARN_UNGUARDED_AVAILABILITY = YES_AGGRESSIVE;
				CLANG_WARN_UNREACHABLE_CODE = YES;
				CLANG_WARN__DUPLICATE_METHOD_MATCH = YES;
				CODE_SIGN_IDENTITY = "iPhone Developer";
				COPY_PHASE_STRIP = NO;
				DEBUG_INFORMATION_FORMAT = "dwarf-with-dsym";
				ENABLE_NS_ASSERTIONS = NO;
				ENABLE_STRICT_OBJC_MSGSEND = YES;
				GCC_C_LANGUAGE_STANDARD = gnu11;
				GCC_NO_COMMON_BLOCKS = YES;
				GCC_WARN_64_TO_32_BIT_CONVERSION = YES;
				GCC_WARN_ABOUT_RETURN_TYPE = YES_ERROR;
				GCC_WARN_UNDECLARED_SELECTOR = YES;
				GCC_WARN_UNINITIALIZED_AUTOS = YES_AGGRESSIVE;
				GCC_WARN_UNUSED_FUNCTION = YES;
				GCC_WARN_UNUSED_VARIABLE = YES;
				IPHONEOS_DEPLOYMENT_TARGET = 12.0;
				MTL_ENABLE_DEBUG_INFO = NO;
				MTL_FAST_MATH = YES;
				SDKROOT = iphoneos;
				VALIDATE_PRODUCT = YES;
			};
			name = Release;
		};
		15ECD1F521F67169005A111F /* Debug */ = {
			isa = XCBuildConfiguration;
			buildSettings = {
				ASSETCATALOG_COMPILER_APPICON_NAME = AppIcon;
				CODE_SIGN_STYLE = Automatic;
				INFOPLIST_FILE = "ScrollView Image Gallery/Info.plist";
				LD_RUNPATH_SEARCH_PATHS = (
					"$(inherited)",
					"@executable_path/Frameworks",
				);
				PRODUCT_BUNDLE_IDENTIFIER = "Prep-Course.ScrollView-Image-Gallery";
				PRODUCT_NAME = "$(TARGET_NAME)";
				TARGETED_DEVICE_FAMILY = "1,2";
			};
			name = Debug;
		};
		15ECD1F621F67169005A111F /* Release */ = {
			isa = XCBuildConfiguration;
			buildSettings = {
				ASSETCATALOG_COMPILER_APPICON_NAME = AppIcon;
				CODE_SIGN_STYLE = Automatic;
				INFOPLIST_FILE = "ScrollView Image Gallery/Info.plist";
				LD_RUNPATH_SEARCH_PATHS = (
					"$(inherited)",
					"@executable_path/Frameworks",
				);
				PRODUCT_BUNDLE_IDENTIFIER = "Prep-Course.ScrollView-Image-Gallery";
				PRODUCT_NAME = "$(TARGET_NAME)";
				TARGETED_DEVICE_FAMILY = "1,2";
			};
			name = Release;
		};
/* End XCBuildConfiguration section */

/* Begin XCConfigurationList section */
		15ECD1D921F67167005A111F /* Build configuration list for PBXProject "ScrollView Image Gallery" */ = {
			isa = XCConfigurationList;
			buildConfigurations = (
				15ECD1F221F67169005A111F /* Debug */,
				15ECD1F321F67169005A111F /* Release */,
			);
			defaultConfigurationIsVisible = 0;
			defaultConfigurationName = Release;
		};
		15ECD1F421F67169005A111F /* Build configuration list for PBXNativeTarget "ScrollView Image Gallery" */ = {
			isa = XCConfigurationList;
			buildConfigurations = (
				15ECD1F521F67169005A111F /* Debug */,
				15ECD1F621F67169005A111F /* Release */,
			);
			defaultConfigurationIsVisible = 0;
			defaultConfigurationName = Release;
		};
/* End XCConfigurationList section */
	};
	rootObject = 15ECD1D621F67167005A111F /* Project object */;
}
